{
  "originHash" : "a82f008f0a6fff884c111ed0433f96c2fc4330fb86acba7b45950f449bbeed5d",
  "pins" : [
    {
      "identity" : "logmanager",
      "kind" : "remoteSourceControl",
      "location" : "https://github.com/Appracatappra/LogManager",
      "state" : {
        "revision" : "ed7b6f091d9f261e75211c214a4ba0ea3ba7a84d",
        "version" : "2.0.4"
      }
    }
  ],
  "version" : 3
}
