{
  "originHash" : "6b5844f5448616a68fd3008972d88538cde38d8fc93c5d157567577a9cb6b5ea",
  "pins" : [
    {
      "identity" : "logmanager",
      "kind" : "remoteSourceControl",
      "location" : "https://github.com/Appracatappra/LogManager",
      "state" : {
        "revision" : "bf916fa61fd3d3f006bcede8e9ca2d4910279478",
        "version" : "2.0.0"
      }
    }
  ],
  "version" : 3
}
